{
  "version": 4,
  "terraform_version": "1.9.8",
  "serial": 9,
  "lineage": "63cc0f36-7327-0253-6493-d84557fc51ea",
  "outputs": {},
  "resources": [
    {
      "mode": "managed",
      "type": "azurerm_linux_virtual_machine",
      "name": "owasp_http_server",
      "provider": "provider[\"registry.terraform.io/hashicorp/azurerm\"]",
      "instances": [
        {
          "schema_version": 0,
          "attributes": {
            "additional_capabilities": [],
            "admin_password": null,
            "admin_ssh_key": [
              {
                "public_key": "ssh-rsa AAAAB3NzaC1yc2EAAAADAQABAAABAQDDBMr5867hRjR2HnkVScPRqAFPZUlXvKmY/wsESICs0IJEdxDK+S1xiNllxP7cBki2eAavCljb/ZHi1J82uGAqf/asuw+hhrwKBVcujwJeHsT10o9cqgjzV0tGP44cuwH9sZvX3Iu3w2KBvF2OR0cI+TISmZpUiIDiWXvl0DfV8skBEsGtqLEYxl9b4L7onDK0bj7McuoAkMF2Q9DRZZZF2o3AVD3+3wqjl2+b5H+1SEWlNCM5nD7gCuXTSSWQbkkEnMpbjesLlFi9Sj/IlcI1Hzr8l9iSL0GnT2rqUIHJGPgSvOJCw8eYzoOAWu0WwWcKMntQtusBX1mqRsixoZS3 Maaz Amjad@LAPTOP-TFNPN9F4\n",
                "username": "saaduser"
              }
            ],
            "admin_username": "saaduser",
            "allow_extension_operations": true,
            "availability_set_id": "",
            "boot_diagnostics": [],
            "bypass_platform_safety_checks_on_user_schedule_enabled": false,
            "capacity_reservation_group_id": "",
            "computer_name": "owasp-vm",
            "custom_data": null,
            "dedicated_host_group_id": "",
            "dedicated_host_id": "",
            "disable_password_authentication": true,
            "disk_controller_type": "SCSI",
            "edge_zone": "",
            "encryption_at_host_enabled": false,
            "eviction_policy": "",
            "extensions_time_budget": "PT1H30M",
            "gallery_application": [],
            "id": "/subscriptions/3b7da5cc-a69f-4fc2-af19-b5e94d105d34/resourceGroups/owasp-resources/providers/Microsoft.Compute/virtualMachines/owasp-vm",
            "identity": [],
            "license_type": "",
            "location": "westus",
            "max_bid_price": -1,
            "name": "owasp-vm",
            "network_interface_ids": [
              "/subscriptions/3b7da5cc-a69f-4fc2-af19-b5e94d105d34/resourceGroups/owasp-resources/providers/Microsoft.Network/networkInterfaces/owasp-vm-nic"
            ],
            "os_disk": [
              {
                "caching": "ReadWrite",
                "diff_disk_settings": [],
                "disk_encryption_set_id": "",
                "disk_size_gb": 30,
                "name": "owasp-vm_OsDisk_1_99ebc84f68264cbcbd1d3e690fc7dd52",
                "secure_vm_disk_encryption_set_id": "",
                "security_encryption_type": "",
                "storage_account_type": "Premium_LRS",
                "write_accelerator_enabled": false
              }
            ],
            "os_image_notification": [],
            "patch_assessment_mode": "ImageDefault",
            "patch_mode": "ImageDefault",
            "plan": [],
            "platform_fault_domain": -1,
            "priority": "Regular",
            "private_ip_address": "10.0.1.4",
            "private_ip_addresses": [
              "10.0.1.4"
            ],
            "provision_vm_agent": true,
            "proximity_placement_group_id": "",
            "public_ip_address": "40.118.228.219",
            "public_ip_addresses": [
              "40.118.228.219"
            ],
            "reboot_setting": "",
            "resource_group_name": "owasp-resources",
            "secret": [],
            "secure_boot_enabled": false,
            "size": "Standard_D4s_v3",
            "source_image_id": "",
            "source_image_reference": [
              {
                "offer": "0001-com-ubuntu-server-jammy",
                "publisher": "Canonical",
                "sku": "22_04-lts-gen2",
                "version": "latest"
              }
            ],
            "tags": {
              "environment": "dev"
            },
            "termination_notification": null,
            "timeouts": null,
            "user_data": "",
            "virtual_machine_id": "f6ece894-a3bf-46b1-848a-e247035c9035",
            "virtual_machine_scale_set_id": "",
            "vm_agent_platform_updates_enabled": false,
            "vtpm_enabled": false,
            "zone": ""
          },
          "sensitive_attributes": [
            [
              {
                "type": "get_attr",
                "value": "admin_password"
              }
            ],
            [
              {
                "type": "get_attr",
                "value": "custom_data"
              }
            ]
          ],
          "private": "eyJlMmJmYjczMC1lY2FhLTExZTYtOGY4OC0zNDM2M2JjN2M0YzAiOnsiY3JlYXRlIjoyNzAwMDAwMDAwMDAwLCJkZWxldGUiOjI3MDAwMDAwMDAwMDAsInJlYWQiOjMwMDAwMDAwMDAwMCwidXBkYXRlIjoyNzAwMDAwMDAwMDAwfX0=",
          "dependencies": [
            "azurerm_network_interface.owasp_server_nic",
            "azurerm_public_ip.owasp",
            "azurerm_resource_group.owasp",
            "azurerm_subnet.owasp_subnet",
            "azurerm_virtual_network.owasp_vnet"
          ]
        }
      ]
    },
    {
      "mode": "managed",
      "type": "azurerm_network_interface",
      "name": "owasp_server_nic",
      "provider": "provider[\"registry.terraform.io/hashicorp/azurerm\"]",
      "instances": [
        {
          "schema_version": 0,
          "attributes": {
            "accelerated_networking_enabled": false,
            "applied_dns_servers": [],
            "auxiliary_mode": "",
            "auxiliary_sku": "",
            "dns_servers": null,
            "edge_zone": "",
            "id": "/subscriptions/3b7da5cc-a69f-4fc2-af19-b5e94d105d34/resourceGroups/owasp-resources/providers/Microsoft.Network/networkInterfaces/owasp-vm-nic",
            "internal_dns_name_label": "",
            "internal_domain_name_suffix": "yvvi5ie5daqetf5jyhmjoxxwoa.dx.internal.cloudapp.net",
            "ip_configuration": [
              {
                "gateway_load_balancer_frontend_ip_configuration_id": "",
                "name": "internal",
                "primary": true,
                "private_ip_address": "10.0.1.4",
                "private_ip_address_allocation": "Dynamic",
                "private_ip_address_version": "IPv4",
                "public_ip_address_id": "/subscriptions/3b7da5cc-a69f-4fc2-af19-b5e94d105d34/resourceGroups/owasp-resources/providers/Microsoft.Network/publicIPAddresses/owasp-vm-pip",
                "subnet_id": "/subscriptions/3b7da5cc-a69f-4fc2-af19-b5e94d105d34/resourceGroups/owasp-resources/providers/Microsoft.Network/virtualNetworks/owasp-vnet/subnets/owasp-subnet"
              }
            ],
            "ip_forwarding_enabled": false,
            "location": "westus",
            "mac_address": "",
            "name": "owasp-vm-nic",
            "private_ip_address": "10.0.1.4",
            "private_ip_addresses": [
              "10.0.1.4"
            ],
            "resource_group_name": "owasp-resources",
            "tags": null,
            "timeouts": null,
            "virtual_machine_id": ""
          },
          "sensitive_attributes": [],
          "private": "eyJlMmJmYjczMC1lY2FhLTExZTYtOGY4OC0zNDM2M2JjN2M0YzAiOnsiY3JlYXRlIjoxODAwMDAwMDAwMDAwLCJkZWxldGUiOjE4MDAwMDAwMDAwMDAsInJlYWQiOjMwMDAwMDAwMDAwMCwidXBkYXRlIjoxODAwMDAwMDAwMDAwfX0=",
          "dependencies": [
            "azurerm_public_ip.owasp",
            "azurerm_resource_group.owasp",
            "azurerm_subnet.owasp_subnet",
            "azurerm_virtual_network.owasp_vnet"
          ]
        }
      ]
    },
    {
      "mode": "managed",
      "type": "azurerm_network_interface_security_group_association",
      "name": "http_server_sg_association",
      "provider": "provider[\"registry.terraform.io/hashicorp/azurerm\"]",
      "instances": [
        {
          "schema_version": 0,
          "attributes": {
            "id": "/subscriptions/3b7da5cc-a69f-4fc2-af19-b5e94d105d34/resourceGroups/owasp-resources/providers/Microsoft.Network/networkInterfaces/owasp-vm-nic|/subscriptions/3b7da5cc-a69f-4fc2-af19-b5e94d105d34/resourceGroups/owasp-resources/providers/Microsoft.Network/networkSecurityGroups/owasp-vm-nsg",
            "network_interface_id": "/subscriptions/3b7da5cc-a69f-4fc2-af19-b5e94d105d34/resourceGroups/owasp-resources/providers/Microsoft.Network/networkInterfaces/owasp-vm-nic",
            "network_security_group_id": "/subscriptions/3b7da5cc-a69f-4fc2-af19-b5e94d105d34/resourceGroups/owasp-resources/providers/Microsoft.Network/networkSecurityGroups/owasp-vm-nsg",
            "timeouts": null
          },
          "sensitive_attributes": [],
          "private": "eyJlMmJmYjczMC1lY2FhLTExZTYtOGY4OC0zNDM2M2JjN2M0YzAiOnsiY3JlYXRlIjoxODAwMDAwMDAwMDAwLCJkZWxldGUiOjE4MDAwMDAwMDAwMDAsInJlYWQiOjMwMDAwMDAwMDAwMH19",
          "dependencies": [
            "azurerm_network_interface.owasp_server_nic",
            "azurerm_network_security_group.owasp_sg",
            "azurerm_public_ip.owasp",
            "azurerm_resource_group.owasp",
            "azurerm_subnet.owasp_subnet",
            "azurerm_virtual_network.owasp_vnet"
          ]
        }
      ]
    },
    {
      "mode": "managed",
      "type": "azurerm_network_security_group",
      "name": "owasp_sg",
      "provider": "provider[\"registry.terraform.io/hashicorp/azurerm\"]",
      "instances": [
        {
          "schema_version": 0,
          "attributes": {
            "id": "/subscriptions/3b7da5cc-a69f-4fc2-af19-b5e94d105d34/resourceGroups/owasp-resources/providers/Microsoft.Network/networkSecurityGroups/owasp-vm-nsg",
            "location": "westus",
            "name": "owasp-vm-nsg",
            "resource_group_name": "owasp-resources",
            "security_rule": [
              {
                "access": "Allow",
                "description": "",
                "destination_address_prefix": "*",
                "destination_address_prefixes": [],
                "destination_application_security_group_ids": [],
                "destination_port_range": "*",
                "destination_port_ranges": [],
                "direction": "Outbound",
                "name": "AllowAllOutbound",
                "priority": 1003,
                "protocol": "*",
                "source_address_prefix": "*",
                "source_address_prefixes": [],
                "source_application_security_group_ids": [],
                "source_port_range": "*",
                "source_port_ranges": []
              },
              {
                "access": "Allow",
                "description": "",
                "destination_address_prefix": "*",
                "destination_address_prefixes": [],
                "destination_application_security_group_ids": [],
                "destination_port_range": "22",
                "destination_port_ranges": [],
                "direction": "Inbound",
                "name": "SSH",
                "priority": 1001,
                "protocol": "Tcp",
                "source_address_prefix": "*",
                "source_address_prefixes": [],
                "source_application_security_group_ids": [],
                "source_port_range": "*",
                "source_port_ranges": []
              },
              {
                "access": "Allow",
                "description": "",
                "destination_address_prefix": "*",
                "destination_address_prefixes": [],
                "destination_application_security_group_ids": [],
                "destination_port_range": "80",
                "destination_port_ranges": [],
                "direction": "Inbound",
                "name": "HTTP",
                "priority": 1002,
                "protocol": "Tcp",
                "source_address_prefix": "*",
                "source_address_prefixes": [],
                "source_application_security_group_ids": [],
                "source_port_range": "*",
                "source_port_ranges": []
              }
            ],
            "tags": null,
            "timeouts": null
          },
          "sensitive_attributes": [],
          "private": "eyJlMmJmYjczMC1lY2FhLTExZTYtOGY4OC0zNDM2M2JjN2M0YzAiOnsiY3JlYXRlIjoxODAwMDAwMDAwMDAwLCJkZWxldGUiOjE4MDAwMDAwMDAwMDAsInJlYWQiOjMwMDAwMDAwMDAwMCwidXBkYXRlIjoxODAwMDAwMDAwMDAwfX0=",
          "dependencies": [
            "azurerm_resource_group.owasp"
          ]
        }
      ]
    },
    {
      "mode": "managed",
      "type": "azurerm_public_ip",
      "name": "owasp",
      "provider": "provider[\"registry.terraform.io/hashicorp/azurerm\"]",
      "instances": [
        {
          "schema_version": 0,
          "attributes": {
            "allocation_method": "Static",
            "ddos_protection_mode": "VirtualNetworkInherited",
            "ddos_protection_plan_id": null,
            "domain_name_label": null,
            "domain_name_label_scope": null,
            "edge_zone": "",
            "fqdn": null,
            "id": "/subscriptions/3b7da5cc-a69f-4fc2-af19-b5e94d105d34/resourceGroups/owasp-resources/providers/Microsoft.Network/publicIPAddresses/owasp-vm-pip",
            "idle_timeout_in_minutes": 4,
            "ip_address": "40.118.228.219",
            "ip_tags": null,
            "ip_version": "IPv4",
            "location": "westus",
            "name": "owasp-vm-pip",
            "public_ip_prefix_id": null,
            "resource_group_name": "owasp-resources",
            "reverse_fqdn": null,
            "sku": "Standard",
            "sku_tier": "Regional",
            "tags": null,
            "timeouts": null,
            "zones": null
          },
          "sensitive_attributes": [],
          "private": "eyJlMmJmYjczMC1lY2FhLTExZTYtOGY4OC0zNDM2M2JjN2M0YzAiOnsiY3JlYXRlIjoxODAwMDAwMDAwMDAwLCJkZWxldGUiOjE4MDAwMDAwMDAwMDAsInJlYWQiOjMwMDAwMDAwMDAwMCwidXBkYXRlIjoxODAwMDAwMDAwMDAwfX0=",
          "dependencies": [
            "azurerm_resource_group.owasp"
          ]
        }
      ]
    },
    {
      "mode": "managed",
      "type": "azurerm_resource_group",
      "name": "owasp",
      "provider": "provider[\"registry.terraform.io/hashicorp/azurerm\"]",
      "instances": [
        {
          "schema_version": 0,
          "attributes": {
            "id": "/subscriptions/3b7da5cc-a69f-4fc2-af19-b5e94d105d34/resourceGroups/owasp-resources",
            "location": "westus",
            "managed_by": "",
            "name": "owasp-resources",
            "tags": null,
            "timeouts": null
          },
          "sensitive_attributes": [],
          "private": "eyJlMmJmYjczMC1lY2FhLTExZTYtOGY4OC0zNDM2M2JjN2M0YzAiOnsiY3JlYXRlIjo1NDAwMDAwMDAwMDAwLCJkZWxldGUiOjU0MDAwMDAwMDAwMDAsInJlYWQiOjMwMDAwMDAwMDAwMCwidXBkYXRlIjo1NDAwMDAwMDAwMDAwfX0="
        }
      ]
    },
    {
      "mode": "managed",
      "type": "azurerm_subnet",
      "name": "owasp_subnet",
      "provider": "provider[\"registry.terraform.io/hashicorp/azurerm\"]",
      "instances": [
        {
          "schema_version": 0,
          "attributes": {
            "address_prefixes": [
              "10.0.1.0/24"
            ],
            "default_outbound_access_enabled": true,
            "delegation": [],
            "id": "/subscriptions/3b7da5cc-a69f-4fc2-af19-b5e94d105d34/resourceGroups/owasp-resources/providers/Microsoft.Network/virtualNetworks/owasp-vnet/subnets/owasp-subnet",
            "name": "owasp-subnet",
            "private_endpoint_network_policies": "Disabled",
            "private_link_service_network_policies_enabled": true,
            "resource_group_name": "owasp-resources",
            "service_endpoint_policy_ids": null,
            "service_endpoints": null,
            "timeouts": null,
            "virtual_network_name": "owasp-vnet"
          },
          "sensitive_attributes": [],
          "private": "eyJlMmJmYjczMC1lY2FhLTExZTYtOGY4OC0zNDM2M2JjN2M0YzAiOnsiY3JlYXRlIjoxODAwMDAwMDAwMDAwLCJkZWxldGUiOjE4MDAwMDAwMDAwMDAsInJlYWQiOjMwMDAwMDAwMDAwMCwidXBkYXRlIjoxODAwMDAwMDAwMDAwfX0=",
          "dependencies": [
            "azurerm_resource_group.owasp",
            "azurerm_virtual_network.owasp_vnet"
          ]
        }
      ]
    },
    {
      "mode": "managed",
      "type": "azurerm_virtual_network",
      "name": "owasp_vnet",
      "provider": "provider[\"registry.terraform.io/hashicorp/azurerm\"]",
      "instances": [
        {
          "schema_version": 0,
          "attributes": {
            "address_space": [
              "10.0.0.0/16"
            ],
            "bgp_community": "",
            "ddos_protection_plan": [],
            "dns_servers": [],
            "edge_zone": "",
            "encryption": [],
            "flow_timeout_in_minutes": 0,
            "guid": "a08f6ac5-189f-4920-97e9-c1d8975ef670",
            "id": "/subscriptions/3b7da5cc-a69f-4fc2-af19-b5e94d105d34/resourceGroups/owasp-resources/providers/Microsoft.Network/virtualNetworks/owasp-vnet",
            "location": "westus",
            "name": "owasp-vnet",
            "resource_group_name": "owasp-resources",
            "subnet": [],
            "tags": null,
            "timeouts": null
          },
          "sensitive_attributes": [],
          "private": "eyJlMmJmYjczMC1lY2FhLTExZTYtOGY4OC0zNDM2M2JjN2M0YzAiOnsiY3JlYXRlIjoxODAwMDAwMDAwMDAwLCJkZWxldGUiOjE4MDAwMDAwMDAwMDAsInJlYWQiOjMwMDAwMDAwMDAwMCwidXBkYXRlIjoxODAwMDAwMDAwMDAwfX0=",
          "dependencies": [
            "azurerm_resource_group.owasp"
          ]
        }
      ]
    }
  ],
  "check_results": null
}
